<?xml version="1.0" encoding="utf-8"?>
<Project ToolsVersion="4.0" xmlns="http://schemas.microsoft.com/developer/msbuild/2003">
  <ItemGroup>
    <Filter Include="core">
      <UniqueIdentifier>{f3471e62-e98c-484d-9794-2a286e4a3971}</UniqueIdentifier>
    </Filter>
    <Filter Include="setup">
      <UniqueIdentifier>{a9d518dc-a95d-46c2-b65b-6971bbdc6019}</UniqueIdentifier>
    </Filter>
    <Filter Include="boot">
      <UniqueIdentifier>{77729ea3-ef07-487c-8044-428457e99ee5}</UniqueIdentifier>
    </Filter>
    <Filter Include="lib">
      <UniqueIdentifier>{853bb870-31fa-4a5e-a669-4011b673165b}</UniqueIdentifier>
    </Filter>
    <Filter Include="core\mm">
      <UniqueIdentifier>{23e2f1b0-0b3d-4e57-adc2-d2b5691ca111}</UniqueIdentifier>
    </Filter>
    <Filter Include="build">
      <UniqueIdentifier>{1c47e5be-c7cb-4092-827a-06158f6f450f}</UniqueIdentifier>
    </Filter>
    <Filter Include="core\idt">
      <UniqueIdentifier>{ae88a32a-ef51-4acd-8cf1-12bd1cec2225}</UniqueIdentifier>
    </Filter>
    <Filter Include="core\irq">
      <UniqueIdentifier>{7de905c1-f1a8-45d0-98d7-8817edc28aee}</UniqueIdentifier>
    </Filter>
    <Filter Include="core\isr">
      <UniqueIdentifier>{e731f076-8d21-455e-a1f9-2afa7a588ae8}</UniqueIdentifier>
    </Filter>
    <Filter Include="core\io">
      <UniqueIdentifier>{f49ef8ae-7221-490e-9326-4d07f1d1d898}</UniqueIdentifier>
    </Filter>
    <Filter Include="include">
      <UniqueIdentifier>{e43ba345-a31d-4628-afa6-4c8f38541014}</UniqueIdentifier>
    </Filter>
  </ItemGroup>
  <ItemGroup>
    <ClInclude Include="src\video.h">
      <Filter>core</Filter>
    </ClInclude>
    <ClInclude Include="src\console.h">
      <Filter>core</Filter>
    </ClInclude>
    <ClInclude Include="src\debug.h">
      <Filter>core</Filter>
    </ClInclude>
    <ClInclude Include="src\format.h">
      <Filter>core</Filter>
    </ClInclude>
    <ClInclude Include="src\processor.h">
      <Filter>core</Filter>
    </ClInclude>
    <ClInclude Include="src\system.h">
      <Filter>core</Filter>
    </ClInclude>
    <ClInclude Include="rtl.h">
      <Filter>lib</Filter>
    </ClInclude>
    <ClInclude Include="src\pagedir.h">
      <Filter>core\mm</Filter>
    </ClInclude>
    <ClInclude Include="src\paging.h">
      <Filter>core\mm</Filter>
    </ClInclude>
    <ClInclude Include="src\memory.h">
      <Filter>lib</Filter>
    </ClInclude>
    <ClInclude Include="src\pmem.h">
      <Filter>core\mm</Filter>
    </ClInclude>
    <ClInclude Include="src\kb.h">
      <Filter>core</Filter>
    </ClInclude>
    <ClInclude Include="src\idt.h">
      <Filter>core\idt</Filter>
    </ClInclude>
    <ClInclude Include="src\irq.h">
      <Filter>core\irq</Filter>
    </ClInclude>
    <ClInclude Include="src\isr.h">
      <Filter>core\isr</Filter>
    </ClInclude>
    <ClInclude Include="src\io.h">
      <Filter>core\io</Filter>
    </ClInclude>
    <ClInclude Include="src\multiboot.h">
      <Filter>include</Filter>
    </ClInclude>
    <ClInclude Include="src\elf.h">
      <Filter>include</Filter>
    </ClInclude>
    <ClInclude Include="src\kheap.h">
      <Filter>core\mm</Filter>
    </ClInclude>
    <ClInclude Include="src\scheduler.h">
      <Filter>core</Filter>
    </ClInclude>
    <ClInclude Include="src\gdt.h">
      <Filter>core</Filter>
    </ClInclude>
  </ItemGroup>
  <ItemGroup>
    <None Include="src\linker.ld">
      <Filter>setup</Filter>
    </None>
    <None Include="src\linker.low">
      <Filter>setup</Filter>
    </None>
    <None Include="src\loader.low">
      <Filter>setup</Filter>
    </None>
    <None Include="src\loader.s">
      <Filter>boot</Filter>
    </None>
    <None Include="src\processor.s">
      <Filter>core</Filter>
    </None>
    <None Include="Makefile">
      <Filter>build</Filter>
    </None>
    <None Include="runmake.sh">
      <Filter>build</Filter>
    </None>
    <None Include="runmake.cmd">
      <Filter>build</Filter>
    </None>
    <None Include="src\idt_.s">
      <Filter>core\idt</Filter>
    </None>
    <None Include="src\irq_.s">
      <Filter>core\irq</Filter>
    </None>
    <None Include="src\isr_.s">
      <Filter>core\isr</Filter>
    </None>
    <None Include="src\io_.s">
      <Filter>core\io</Filter>
    </None>
  </ItemGroup>
  <ItemGroup>
    <ClCompile Include="src\console.cpp">
      <Filter>core</Filter>
    </ClCompile>
    <ClCompile Include="src\format.c">
      <Filter>core</Filter>
    </ClCompile>
    <ClCompile Include="src\kernel.cpp">
      <Filter>core</Filter>
    </ClCompile>
    <ClCompile Include="src\pagedir.cpp">
      <Filter>core\mm</Filter>
    </ClCompile>
    <ClCompile Include="src\paging.cpp">
      <Filter>core\mm</Filter>
    </ClCompile>
    <ClCompile Include="src\memory.c">
      <Filter>lib</Filter>
    </ClCompile>
    <ClCompile Include="src\pmem.cpp">
      <Filter>core\mm</Filter>
    </ClCompile>
    <ClCompile Include="src\kb.cpp">
      <Filter>core</Filter>
    </ClCompile>
    <ClCompile Include="src\idt.cpp">
      <Filter>core\idt</Filter>
    </ClCompile>
    <ClCompile Include="src\irq.cpp">
      <Filter>core\irq</Filter>
    </ClCompile>
    <ClCompile Include="src\isr.cpp">
      <Filter>core\isr</Filter>
    </ClCompile>
    <ClCompile Include="src\cppsupp.cpp">
      <Filter>setup</Filter>
    </ClCompile>
    <ClCompile Include="src\kheap.cpp">
      <Filter>core\mm</Filter>
    </ClCompile>
    <ClCompile Include="src\video.cpp">
      <Filter>core</Filter>
    </ClCompile>
    <ClCompile Include="src\scheduler.cpp">
      <Filter>core</Filter>
    </ClCompile>
    <ClCompile Include="src\gdt_.s">
      <Filter>core</Filter>
    </ClCompile>
    <ClCompile Include="src\gdt.cpp">
      <Filter>core</Filter>
    </ClCompile>
  </ItemGroup>
</Project>