<?xml version="1.0" encoding="utf-8"?>
<Project ToolsVersion="4.0" xmlns="http://schemas.microsoft.com/developer/msbuild/2003">
  <ItemGroup>
    <Filter Include="core">
      <UniqueIdentifier>{f3471e62-e98c-484d-9794-2a286e4a3971}</UniqueIdentifier>
    </Filter>
    <Filter Include="setup">
      <UniqueIdentifier>{a9d518dc-a95d-46c2-b65b-6971bbdc6019}</UniqueIdentifier>
    </Filter>
    <Filter Include="boot">
      <UniqueIdentifier>{77729ea3-ef07-487c-8044-428457e99ee5}</UniqueIdentifier>
    </Filter>
    <Filter Include="lib">
      <UniqueIdentifier>{853bb870-31fa-4a5e-a669-4011b673165b}</UniqueIdentifier>
    </Filter>
    <Filter Include="core\mm">
      <UniqueIdentifier>{23e2f1b0-0b3d-4e57-adc2-d2b5691ca111}</UniqueIdentifier>
    </Filter>
    <Filter Include="build">
      <UniqueIdentifier>{1c47e5be-c7cb-4092-827a-06158f6f450f}</UniqueIdentifier>
    </Filter>
    <Filter Include="core\idt">
      <UniqueIdentifier>{ae88a32a-ef51-4acd-8cf1-12bd1cec2225}</UniqueIdentifier>
    </Filter>
    <Filter Include="core\irq">
      <UniqueIdentifier>{7de905c1-f1a8-45d0-98d7-8817edc28aee}</UniqueIdentifier>
    </Filter>
    <Filter Include="core\io">
      <UniqueIdentifier>{f49ef8ae-7221-490e-9326-4d07f1d1d898}</UniqueIdentifier>
    </Filter>
    <Filter Include="include">
      <UniqueIdentifier>{e43ba345-a31d-4628-afa6-4c8f38541014}</UniqueIdentifier>
    </Filter>
    <Filter Include="core\isr">
      <UniqueIdentifier>{e731f076-8d21-455e-a1f9-2afa7a588ae8}</UniqueIdentifier>
    </Filter>
    <Filter Include="core\drv">
      <UniqueIdentifier>{13bd45f6-c040-4ec3-8e64-c1fe238aa669}</UniqueIdentifier>
    </Filter>
    <Filter Include="core\drv\itf">
      <UniqueIdentifier>{3f72b418-10d8-411a-a083-c98ac4436c0c}</UniqueIdentifier>
    </Filter>
    <Filter Include="lib\minilibc">
      <UniqueIdentifier>{e476ffb4-e71c-4748-a3b6-3bd72a4c126c}</UniqueIdentifier>
    </Filter>
    <Filter Include="core\drv\diskcache">
      <UniqueIdentifier>{9d4564ad-3c9d-42bd-bfdb-c4afd1a27aad}</UniqueIdentifier>
    </Filter>
    <Filter Include="core\fs">
      <UniqueIdentifier>{75fe605f-2e60-48dc-85f7-0a5440431158}</UniqueIdentifier>
    </Filter>
    <Filter Include="test">
      <UniqueIdentifier>{8b724b0a-a431-4926-937c-b89fc51e2200}</UniqueIdentifier>
    </Filter>
    <Filter Include="lib\ministl">
      <UniqueIdentifier>{33c295c6-f916-489c-ab64-3c9484aa4db0}</UniqueIdentifier>
    </Filter>
    <Filter Include="lib\ministl\impl">
      <UniqueIdentifier>{0d6424ee-336c-48e6-8bb2-a2092d9e9426}</UniqueIdentifier>
    </Filter>
  </ItemGroup>
  <ItemGroup>
    <ClInclude Include="src\video.h">
      <Filter>core</Filter>
    </ClInclude>
    <ClInclude Include="src\console.h">
      <Filter>core</Filter>
    </ClInclude>
    <ClInclude Include="src\debug.h">
      <Filter>core</Filter>
    </ClInclude>
    <ClInclude Include="src\format.h">
      <Filter>core</Filter>
    </ClInclude>
    <ClInclude Include="src\processor.h">
      <Filter>core</Filter>
    </ClInclude>
    <ClInclude Include="src\system.h">
      <Filter>core</Filter>
    </ClInclude>
    <ClInclude Include="src\pagedir.h">
      <Filter>core\mm</Filter>
    </ClInclude>
    <ClInclude Include="src\paging.h">
      <Filter>core\mm</Filter>
    </ClInclude>
    <ClInclude Include="src\kb.h">
      <Filter>core</Filter>
    </ClInclude>
    <ClInclude Include="src\idt.h">
      <Filter>core\idt</Filter>
    </ClInclude>
    <ClInclude Include="src\irq.h">
      <Filter>core\irq</Filter>
    </ClInclude>
    <ClInclude Include="src\isr.h">
      <Filter>core\isr</Filter>
    </ClInclude>
    <ClInclude Include="src\io.h">
      <Filter>core\io</Filter>
    </ClInclude>
    <ClInclude Include="src\multiboot.h">
      <Filter>include</Filter>
    </ClInclude>
    <ClInclude Include="src\elf.h">
      <Filter>include</Filter>
    </ClInclude>
    <ClInclude Include="src\kheap.h">
      <Filter>core\mm</Filter>
    </ClInclude>
    <ClInclude Include="src\scheduler.h">
      <Filter>core</Filter>
    </ClInclude>
    <ClInclude Include="src\gdt.h">
      <Filter>core</Filter>
    </ClInclude>
    <ClInclude Include="src\mm.h">
      <Filter>core\mm</Filter>
    </ClInclude>
    <ClInclude Include="src\mmdef.h">
      <Filter>core\mm</Filter>
    </ClInclude>
    <ClInclude Include="src\mbtutil.h">
      <Filter>core\mm</Filter>
    </ClInclude>
    <ClInclude Include="src\physical.h">
      <Filter>core\mm</Filter>
    </ClInclude>
    <ClInclude Include="src\drv.h">
      <Filter>core\drv</Filter>
    </ClInclude>
    <ClInclude Include="src\driverbase.h">
      <Filter>core\drv\itf</Filter>
    </ClInclude>
    <ClInclude Include="src\blockdevice.h">
      <Filter>core\drv\itf</Filter>
    </ClInclude>
    <ClInclude Include="src\devmanager.h">
      <Filter>core\drv</Filter>
    </ClInclude>
    <ClInclude Include="src\lib\minilibc\stddef.h">
      <Filter>lib\minilibc</Filter>
    </ClInclude>
    <ClInclude Include="src\lib\minilibc\memory.h">
      <Filter>lib\minilibc</Filter>
    </ClInclude>
    <ClInclude Include="src\diskcacheimpl.h">
      <Filter>core\drv\diskcache</Filter>
    </ClInclude>
    <ClInclude Include="src\diskcache.h">
      <Filter>core\drv\itf</Filter>
    </ClInclude>
    <ClInclude Include="src\fs.h">
      <Filter>core\fs</Filter>
    </ClInclude>
    <ClInclude Include="src\FAT12FileSystem.h">
      <Filter>core\fs</Filter>
    </ClInclude>
    <ClInclude Include="src\lib\minilibc\stdint.h">
      <Filter>lib\minilibc</Filter>
    </ClInclude>
    <ClInclude Include="src\test\stl_test.h">
      <Filter>test</Filter>
    </ClInclude>
  </ItemGroup>
  <ItemGroup>
    <None Include="src\linker.ld">
      <Filter>setup</Filter>
    </None>
    <None Include="src\linker.low">
      <Filter>setup</Filter>
    </None>
    <None Include="src\loader.low">
      <Filter>setup</Filter>
    </None>
    <None Include="src\processor.s">
      <Filter>core</Filter>
    </None>
    <None Include="Makefile">
      <Filter>build</Filter>
    </None>
    <None Include="runmake.sh">
      <Filter>build</Filter>
    </None>
    <None Include="runmake.cmd">
      <Filter>build</Filter>
    </None>
    <None Include="src\idt_.s">
      <Filter>core\idt</Filter>
    </None>
    <None Include="src\irq_.s">
      <Filter>core\irq</Filter>
    </None>
    <None Include="src\isr_.s">
      <Filter>core\isr</Filter>
    </None>
    <None Include="src\io_.s">
      <Filter>core\io</Filter>
    </None>
    <None Include="start.bat">
      <Filter>build</Filter>
    </None>
    <None Include="src\loader.s">
      <Filter>boot</Filter>
    </None>
    <None Include="build\create-image.sh">
      <Filter>build</Filter>
    </None>
    <None Include="build\mtools.cfg">
      <Filter>build</Filter>
    </None>
  </ItemGroup>
  <ItemGroup>
    <ClCompile Include="src\console.cpp">
      <Filter>core</Filter>
    </ClCompile>
    <ClCompile Include="src\kernel.cpp">
      <Filter>core</Filter>
    </ClCompile>
    <ClCompile Include="src\pagedir.cpp">
      <Filter>core\mm</Filter>
    </ClCompile>
    <ClCompile Include="src\paging.cpp">
      <Filter>core\mm</Filter>
    </ClCompile>
    <ClCompile Include="src\kb.cpp">
      <Filter>core</Filter>
    </ClCompile>
    <ClCompile Include="src\idt.cpp">
      <Filter>core\idt</Filter>
    </ClCompile>
    <ClCompile Include="src\irq.cpp">
      <Filter>core\irq</Filter>
    </ClCompile>
    <ClCompile Include="src\isr.cpp">
      <Filter>core\isr</Filter>
    </ClCompile>
    <ClCompile Include="src\cppsupp.cpp">
      <Filter>setup</Filter>
    </ClCompile>
    <ClCompile Include="src\kheap.cpp">
      <Filter>core\mm</Filter>
    </ClCompile>
    <ClCompile Include="src\video.cpp">
      <Filter>core</Filter>
    </ClCompile>
    <ClCompile Include="src\scheduler.cpp">
      <Filter>core</Filter>
    </ClCompile>
    <ClCompile Include="src\gdt_.s">
      <Filter>core</Filter>
    </ClCompile>
    <ClCompile Include="src\gdt.cpp">
      <Filter>core</Filter>
    </ClCompile>
    <ClCompile Include="src\floppy.cpp">
      <Filter>core</Filter>
    </ClCompile>
    <ClCompile Include="src\debug.cpp">
      <Filter>core</Filter>
    </ClCompile>
    <ClCompile Include="src\mm.cpp">
      <Filter>core\mm</Filter>
    </ClCompile>
    <ClCompile Include="src\format.cpp">
      <Filter>core</Filter>
    </ClCompile>
    <ClCompile Include="src\physical.cpp">
      <Filter>core\mm</Filter>
    </ClCompile>
    <ClCompile Include="src\drvmanager.cpp">
      <Filter>core\drv</Filter>
    </ClCompile>
    <ClCompile Include="src\lib\minilibc\memory.cpp">
      <Filter>lib\minilibc</Filter>
    </ClCompile>
    <ClCompile Include="src\devmanager.cpp">
      <Filter>core\drv</Filter>
    </ClCompile>
    <ClCompile Include="src\diskcacheimpl.cpp">
      <Filter>core\drv\diskcache</Filter>
    </ClCompile>
    <ClCompile Include="src\FAT12FileSystem.cpp">
      <Filter>core\fs</Filter>
    </ClCompile>
    <ClCompile Include="src\lib\minilibc\stdlib.cpp">
      <Filter>lib\minilibc</Filter>
    </ClCompile>
    <ClCompile Include="src\test\stl_test.cpp">
      <Filter>test</Filter>
    </ClCompile>
    <ClCompile Include="src\lib\ministl\impl\functexcept.cpp">
      <Filter>lib\ministl\impl</Filter>
    </ClCompile>
    <ClCompile Include="src\lib\ministl\impl\hashtable-aux.cpp">
      <Filter>lib\ministl\impl</Filter>
    </ClCompile>
    <ClCompile Include="src\lib\ministl\impl\list.cpp">
      <Filter>lib\ministl\impl</Filter>
    </ClCompile>
    <ClCompile Include="src\lib\ministl\impl\tree.cpp">
      <Filter>lib\ministl\impl</Filter>
    </ClCompile>
  </ItemGroup>
</Project>